// !$*UTF8*$!
{
	archiveVersion = 1;
	classes = {
	};
	objectVersion = 50;
	objects = {

/* Begin PBXBuildFile section */
		F0FC27B824528F7B00F70270 /* AppDelegate.m in Sources */ = {isa = PBXBuildFile; fileRef = F0FC27B724528F7B00F70270 /* AppDelegate.m */; };
		F0FC27BB24528F7B00F70270 /* ViewController.m in Sources */ = {isa = PBXBuildFile; fileRef = F0FC27BA24528F7B00F70270 /* ViewController.m */; };
		F0FC27BE24528F7B00F70270 /* Main.storyboard in Resources */ = {isa = PBXBuildFile; fileRef = F0FC27BC24528F7B00F70270 /* Main.storyboard */; };
		F0FC27C024528F7D00F70270 /* Assets.xcassets in Resources */ = {isa = PBXBuildFile; fileRef = F0FC27BF24528F7D00F70270 /* Assets.xcassets */; };
		F0FC27C324528F7D00F70270 /* LaunchScreen.storyboard in Resources */ = {isa = PBXBuildFile; fileRef = F0FC27C124528F7D00F70270 /* LaunchScreen.storyboard */; };
		F0FC27C624528F7D00F70270 /* main.m in Sources */ = {isa = PBXBuildFile; fileRef = F0FC27C524528F7D00F70270 /* main.m */; };
		F0FC27D024528F7D00F70270 /* ZCRouterTests.m in Sources */ = {isa = PBXBuildFile; fileRef = F0FC27CF24528F7D00F70270 /* ZCRouterTests.m */; };
		F0FC27DB24528F7D00F70270 /* ZCRouterUITests.m in Sources */ = {isa = PBXBuildFile; fileRef = F0FC27DA24528F7D00F70270 /* ZCRouterUITests.m */; };
		F0FC280D24528FB300F70270 /* ZCRouterConstant.m in Sources */ = {isa = PBXBuildFile; fileRef = F0FC280B24528FB300F70270 /* ZCRouterConstant.m */; };
		F0FC280E24528FB300F70270 /* ZCRouterManager.m in Sources */ = {isa = PBXBuildFile; fileRef = F0FC280C24528FB300F70270 /* ZCRouterManager.m */; };
		F0FC28172452902A00F70270 /* ZCRouterRequest.m in Sources */ = {isa = PBXBuildFile; fileRef = F0FC28112452902900F70270 /* ZCRouterRequest.m */; };
		F0FC28182452902A00F70270 /* ZCRouterParse.m in Sources */ = {isa = PBXBuildFile; fileRef = F0FC28122452902900F70270 /* ZCRouterParse.m */; };
		F0FC28192452902A00F70270 /* ZCRouter.m in Sources */ = {isa = PBXBuildFile; fileRef = F0FC28162452902900F70270 /* ZCRouter.m */; };
		F0FC281C245291C900F70270 /* NSString+URLEncode.m in Sources */ = {isa = PBXBuildFile; fileRef = F0FC281B245291C900F70270 /* NSString+URLEncode.m */; };
		F0FC281F2452932000F70270 /* ZCViewController.m in Sources */ = {isa = PBXBuildFile; fileRef = F0FC281E2452932000F70270 /* ZCViewController.m */; };
/* End PBXBuildFile section */

/* Begin PBXContainerItemProxy section */
		F0FC27CC24528F7D00F70270 /* PBXContainerItemProxy */ = {
			isa = PBXContainerItemProxy;
			containerPortal = F0FC27AB24528F7B00F70270 /* Project object */;
			proxyType = 1;
			remoteGlobalIDString = F0FC27B224528F7B00F70270;
			remoteInfo = ZCRouter;
		};
		F0FC27D724528F7D00F70270 /* PBXContainerItemProxy */ = {
			isa = PBXContainerItemProxy;
			containerPortal = F0FC27AB24528F7B00F70270 /* Project object */;
			proxyType = 1;
			remoteGlobalIDString = F0FC27B224528F7B00F70270;
			remoteInfo = ZCRouter;
		};
/* End PBXContainerItemProxy section */

/* Begin PBXFileReference section */
		F0FC27B324528F7B00F70270 /* ZCRouter.app */ = {isa = PBXFileReference; explicitFileType = wrapper.application; includeInIndex = 0; path = ZCRouter.app; sourceTree = BUILT_PRODUCTS_DIR; };
		F0FC27B624528F7B00F70270 /* AppDelegate.h */ = {isa = PBXFileReference; lastKnownFileType = sourcecode.c.h; path = AppDelegate.h; sourceTree = "<group>"; };
		F0FC27B724528F7B00F70270 /* AppDelegate.m */ = {isa = PBXFileReference; lastKnownFileType = sourcecode.c.objc; path = AppDelegate.m; sourceTree = "<group>"; };
		F0FC27B924528F7B00F70270 /* ViewController.h */ = {isa = PBXFileReference; lastKnownFileType = sourcecode.c.h; path = ViewController.h; sourceTree = "<group>"; };
		F0FC27BA24528F7B00F70270 /* ViewController.m */ = {isa = PBXFileReference; lastKnownFileType = sourcecode.c.objc; path = ViewController.m; sourceTree = "<group>"; };
		F0FC27BD24528F7B00F70270 /* Base */ = {isa = PBXFileReference; lastKnownFileType = file.storyboard; name = Base; path = Base.lproj/Main.storyboard; sourceTree = "<group>"; };
		F0FC27BF24528F7D00F70270 /* Assets.xcassets */ = {isa = PBXFileReference; lastKnownFileType = folder.assetcatalog; path = Assets.xcassets; sourceTree = "<group>"; };
		F0FC27C224528F7D00F70270 /* Base */ = {isa = PBXFileReference; lastKnownFileType = file.storyboard; name = Base; path = Base.lproj/LaunchScreen.storyboard; sourceTree = "<group>"; };
		F0FC27C424528F7D00F70270 /* Info.plist */ = {isa = PBXFileReference; lastKnownFileType = text.plist.xml; path = Info.plist; sourceTree = "<group>"; };
		F0FC27C524528F7D00F70270 /* main.m */ = {isa = PBXFileReference; lastKnownFileType = sourcecode.c.objc; path = main.m; sourceTree = "<group>"; };
		F0FC27CB24528F7D00F70270 /* ZCRouterTests.xctest */ = {isa = PBXFileReference; explicitFileType = wrapper.cfbundle; includeInIndex = 0; path = ZCRouterTests.xctest; sourceTree = BUILT_PRODUCTS_DIR; };
		F0FC27CF24528F7D00F70270 /* ZCRouterTests.m */ = {isa = PBXFileReference; lastKnownFileType = sourcecode.c.objc; path = ZCRouterTests.m; sourceTree = "<group>"; };
		F0FC27D124528F7D00F70270 /* Info.plist */ = {isa = PBXFileReference; lastKnownFileType = text.plist.xml; path = Info.plist; sourceTree = "<group>"; };
		F0FC27D624528F7D00F70270 /* ZCRouterUITests.xctest */ = {isa = PBXFileReference; explicitFileType = wrapper.cfbundle; includeInIndex = 0; path = ZCRouterUITests.xctest; sourceTree = BUILT_PRODUCTS_DIR; };
		F0FC27DA24528F7D00F70270 /* ZCRouterUITests.m */ = {isa = PBXFileReference; lastKnownFileType = sourcecode.c.objc; path = ZCRouterUITests.m; sourceTree = "<group>"; };
		F0FC27DC24528F7D00F70270 /* Info.plist */ = {isa = PBXFileReference; lastKnownFileType = text.plist.xml; path = Info.plist; sourceTree = "<group>"; };
		F0FC280924528FB300F70270 /* ZCRouterManager.h */ = {isa = PBXFileReference; fileEncoding = 4; lastKnownFileType = sourcecode.c.h; path = ZCRouterManager.h; sourceTree = "<group>"; };
		F0FC280A24528FB300F70270 /* ZCRouterConstant.h */ = {isa = PBXFileReference; fileEncoding = 4; lastKnownFileType = sourcecode.c.h; path = ZCRouterConstant.h; sourceTree = "<group>"; };
		F0FC280B24528FB300F70270 /* ZCRouterConstant.m */ = {isa = PBXFileReference; fileEncoding = 4; lastKnownFileType = sourcecode.c.objc; path = ZCRouterConstant.m; sourceTree = "<group>"; };
		F0FC280C24528FB300F70270 /* ZCRouterManager.m */ = {isa = PBXFileReference; fileEncoding = 4; lastKnownFileType = sourcecode.c.objc; path = ZCRouterManager.m; sourceTree = "<group>"; };
		F0FC28112452902900F70270 /* ZCRouterRequest.m */ = {isa = PBXFileReference; fileEncoding = 4; lastKnownFileType = sourcecode.c.objc; path = ZCRouterRequest.m; sourceTree = "<group>"; };
		F0FC28122452902900F70270 /* ZCRouterParse.m */ = {isa = PBXFileReference; fileEncoding = 4; lastKnownFileType = sourcecode.c.objc; path = ZCRouterParse.m; sourceTree = "<group>"; };
		F0FC28132452902900F70270 /* ZCRouter.h */ = {isa = PBXFileReference; fileEncoding = 4; lastKnownFileType = sourcecode.c.h; path = ZCRouter.h; sourceTree = "<group>"; };
		F0FC28142452902900F70270 /* ZCRouterParse.h */ = {isa = PBXFileReference; fileEncoding = 4; lastKnownFileType = sourcecode.c.h; path = ZCRouterParse.h; sourceTree = "<group>"; };
		F0FC28152452902900F70270 /* ZCRouterRequest.h */ = {isa = PBXFileReference; fileEncoding = 4; lastKnownFileType = sourcecode.c.h; path = ZCRouterRequest.h; sourceTree = "<group>"; };
		F0FC28162452902900F70270 /* ZCRouter.m */ = {isa = PBXFileReference; fileEncoding = 4; lastKnownFileType = sourcecode.c.objc; path = ZCRouter.m; sourceTree = "<group>"; };
		F0FC281A245291C900F70270 /* NSString+URLEncode.h */ = {isa = PBXFileReference; lastKnownFileType = sourcecode.c.h; path = "NSString+URLEncode.h"; sourceTree = "<group>"; };
		F0FC281B245291C900F70270 /* NSString+URLEncode.m */ = {isa = PBXFileReference; lastKnownFileType = sourcecode.c.objc; path = "NSString+URLEncode.m"; sourceTree = "<group>"; };
		F0FC281D2452932000F70270 /* ZCViewController.h */ = {isa = PBXFileReference; lastKnownFileType = sourcecode.c.h; path = ZCViewController.h; sourceTree = "<group>"; };
		F0FC281E2452932000F70270 /* ZCViewController.m */ = {isa = PBXFileReference; lastKnownFileType = sourcecode.c.objc; path = ZCViewController.m; sourceTree = "<group>"; };
/* End PBXFileReference section */

/* Begin PBXFrameworksBuildPhase section */
		F0FC27B024528F7B00F70270 /* Frameworks */ = {
			isa = PBXFrameworksBuildPhase;
			buildActionMask = 2147483647;
			files = (
			);
			runOnlyForDeploymentPostprocessing = 0;
		};
		F0FC27C824528F7D00F70270 /* Frameworks */ = {
			isa = PBXFrameworksBuildPhase;
			buildActionMask = 2147483647;
			files = (
			);
			runOnlyForDeploymentPostprocessing = 0;
		};
		F0FC27D324528F7D00F70270 /* Frameworks */ = {
			isa = PBXFrameworksBuildPhase;
			buildActionMask = 2147483647;
			files = (
			);
			runOnlyForDeploymentPostprocessing = 0;
		};
/* End PBXFrameworksBuildPhase section */

/* Begin PBXGroup section */
		F0FC27AA24528F7B00F70270 = {
			isa = PBXGroup;
			children = (
				F0FC27B524528F7B00F70270 /* ZCRouter */,
				F0FC27CE24528F7D00F70270 /* ZCRouterTests */,
				F0FC27D924528F7D00F70270 /* ZCRouterUITests */,
				F0FC27B424528F7B00F70270 /* Products */,
			);
			sourceTree = "<group>";
		};
		F0FC27B424528F7B00F70270 /* Products */ = {
			isa = PBXGroup;
			children = (
				F0FC27B324528F7B00F70270 /* ZCRouter.app */,
				F0FC27CB24528F7D00F70270 /* ZCRouterTests.xctest */,
				F0FC27D624528F7D00F70270 /* ZCRouterUITests.xctest */,
			);
			name = Products;
			sourceTree = "<group>";
		};
		F0FC27B524528F7B00F70270 /* ZCRouter */ = {
			isa = PBXGroup;
			children = (
				F0FC28102452902900F70270 /* Router */,
				F0FC27B624528F7B00F70270 /* AppDelegate.h */,
				F0FC27B724528F7B00F70270 /* AppDelegate.m */,
				F0FC27B924528F7B00F70270 /* ViewController.h */,
				F0FC27BA24528F7B00F70270 /* ViewController.m */,
				F0FC281D2452932000F70270 /* ZCViewController.h */,
				F0FC281E2452932000F70270 /* ZCViewController.m */,
				F0FC280A24528FB300F70270 /* ZCRouterConstant.h */,
				F0FC280B24528FB300F70270 /* ZCRouterConstant.m */,
				F0FC280924528FB300F70270 /* ZCRouterManager.h */,
				F0FC280C24528FB300F70270 /* ZCRouterManager.m */,
				F0FC27BC24528F7B00F70270 /* Main.storyboard */,
				F0FC27BF24528F7D00F70270 /* Assets.xcassets */,
				F0FC27C124528F7D00F70270 /* LaunchScreen.storyboard */,
				F0FC27C424528F7D00F70270 /* Info.plist */,
				F0FC27C524528F7D00F70270 /* main.m */,
			);
			path = ZCRouter;
			sourceTree = "<group>";
		};
		F0FC27CE24528F7D00F70270 /* ZCRouterTests */ = {
			isa = PBXGroup;
			children = (
				F0FC27CF24528F7D00F70270 /* ZCRouterTests.m */,
				F0FC27D124528F7D00F70270 /* Info.plist */,
			);
			path = ZCRouterTests;
			sourceTree = "<group>";
		};
		F0FC27D924528F7D00F70270 /* ZCRouterUITests */ = {
			isa = PBXGroup;
			children = (
				F0FC27DA24528F7D00F70270 /* ZCRouterUITests.m */,
				F0FC27DC24528F7D00F70270 /* Info.plist */,
			);
			path = ZCRouterUITests;
			sourceTree = "<group>";
		};
		F0FC28102452902900F70270 /* Router */ = {
			isa = PBXGroup;
			children = (
				F0FC28132452902900F70270 /* ZCRouter.h */,
				F0FC28162452902900F70270 /* ZCRouter.m */,
				F0FC28152452902900F70270 /* ZCRouterRequest.h */,
				F0FC28112452902900F70270 /* ZCRouterRequest.m */,
				F0FC28142452902900F70270 /* ZCRouterParse.h */,
				F0FC28122452902900F70270 /* ZCRouterParse.m */,
				F0FC281A245291C900F70270 /* NSString+URLEncode.h */,
				F0FC281B245291C900F70270 /* NSString+URLEncode.m */,
			);
			path = Router;
			sourceTree = "<group>";
		};
/* End PBXGroup section */

/* Begin PBXNativeTarget section */
		F0FC27B224528F7B00F70270 /* ZCRouter */ = {
			isa = PBXNativeTarget;
			buildConfigurationList = F0FC27DF24528F7D00F70270 /* Build configuration list for PBXNativeTarget "ZCRouter" */;
			buildPhases = (
				F0FC27AF24528F7B00F70270 /* Sources */,
				F0FC27B024528F7B00F70270 /* Frameworks */,
				F0FC27B124528F7B00F70270 /* Resources */,
			);
			buildRules = (
			);
			dependencies = (
			);
			name = ZCRouter;
			productName = ZCRouter;
			productReference = F0FC27B324528F7B00F70270 /* ZCRouter.app */;
			productType = "com.apple.product-type.application";
		};
		F0FC27CA24528F7D00F70270 /* ZCRouterTests */ = {
			isa = PBXNativeTarget;
			buildConfigurationList = F0FC27E224528F7D00F70270 /* Build configuration list for PBXNativeTarget "ZCRouterTests" */;
			buildPhases = (
				F0FC27C724528F7D00F70270 /* Sources */,
				F0FC27C824528F7D00F70270 /* Frameworks */,
				F0FC27C924528F7D00F70270 /* Resources */,
			);
			buildRules = (
			);
			dependencies = (
				F0FC27CD24528F7D00F70270 /* PBXTargetDependency */,
			);
			name = ZCRouterTests;
			productName = ZCRouterTests;
			productReference = F0FC27CB24528F7D00F70270 /* ZCRouterTests.xctest */;
			productType = "com.apple.product-type.bundle.unit-test";
		};
		F0FC27D524528F7D00F70270 /* ZCRouterUITests */ = {
			isa = PBXNativeTarget;
			buildConfigurationList = F0FC27E524528F7D00F70270 /* Build configuration list for PBXNativeTarget "ZCRouterUITests" */;
			buildPhases = (
				F0FC27D224528F7D00F70270 /* Sources */,
				F0FC27D324528F7D00F70270 /* Frameworks */,
				F0FC27D424528F7D00F70270 /* Resources */,
			);
			buildRules = (
			);
			dependencies = (
				F0FC27D824528F7D00F70270 /* PBXTargetDependency */,
			);
			name = ZCRouterUITests;
			productName = ZCRouterUITests;
			productReference = F0FC27D624528F7D00F70270 /* ZCRouterUITests.xctest */;
			productType = "com.apple.product-type.bundle.ui-testing";
		};
/* End PBXNativeTarget section */

/* Begin PBXProject section */
		F0FC27AB24528F7B00F70270 /* Project object */ = {
			isa = PBXProject;
			attributes = {
				LastUpgradeCheck = 1010;
				ORGANIZATIONNAME = zengchao;
				TargetAttributes = {
					F0FC27B224528F7B00F70270 = {
						CreatedOnToolsVersion = 10.1;
					};
					F0FC27CA24528F7D00F70270 = {
						CreatedOnToolsVersion = 10.1;
						TestTargetID = F0FC27B224528F7B00F70270;
					};
					F0FC27D524528F7D00F70270 = {
						CreatedOnToolsVersion = 10.1;
						TestTargetID = F0FC27B224528F7B00F70270;
					};
				};
			};
			buildConfigurationList = F0FC27AE24528F7B00F70270 /* Build configuration list for PBXProject "ZCRouter" */;
			compatibilityVersion = "Xcode 9.3";
			developmentRegion = en;
			hasScannedForEncodings = 0;
			knownRegions = (
				en,
				Base,
			);
			mainGroup = F0FC27AA24528F7B00F70270;
			productRefGroup = F0FC27B424528F7B00F70270 /* Products */;
			projectDirPath = "";
			projectRoot = "";
			targets = (
				F0FC27B224528F7B00F70270 /* ZCRouter */,
				F0FC27CA24528F7D00F70270 /* ZCRouterTests */,
				F0FC27D524528F7D00F70270 /* ZCRouterUITests */,
			);
		};
/* End PBXProject section */

/* Begin PBXResourcesBuildPhase section */
		F0FC27B124528F7B00F70270 /* Resources */ = {
			isa = PBXResourcesBuildPhase;
			buildActionMask = 2147483647;
			files = (
				F0FC27C324528F7D00F70270 /* LaunchScreen.storyboard in Resources */,
				F0FC27C024528F7D00F70270 /* Assets.xcassets in Resources */,
				F0FC27BE24528F7B00F70270 /* Main.storyboard in Resources */,
			);
			runOnlyForDeploymentPostprocessing = 0;
		};
		F0FC27C924528F7D00F70270 /* Resources */ = {
			isa = PBXResourcesBuildPhase;
			buildActionMask = 2147483647;
			files = (
			);
			runOnlyForDeploymentPostprocessing = 0;
		};
		F0FC27D424528F7D00F70270 /* Resources */ = {
			isa = PBXResourcesBuildPhase;
			buildActionMask = 2147483647;
			files = (
			);
			runOnlyForDeploymentPostprocessing = 0;
		};
/* End PBXResourcesBuildPhase section */

/* Begin PBXSourcesBuildPhase section */
		F0FC27AF24528F7B00F70270 /* Sources */ = {
			isa = PBXSourcesBuildPhase;
			buildActionMask = 2147483647;
			files = (
				F0FC27BB24528F7B00F70270 /* ViewController.m in Sources */,
				F0FC28172452902A00F70270 /* ZCRouterRequest.m in Sources */,
				F0FC27C624528F7D00F70270 /* main.m in Sources */,
				F0FC28192452902A00F70270 /* ZCRouter.m in Sources */,
				F0FC281C245291C900F70270 /* NSString+URLEncode.m in Sources */,
				F0FC280E24528FB300F70270 /* ZCRouterManager.m in Sources */,
				F0FC28182452902A00F70270 /* ZCRouterParse.m in Sources */,
				F0FC280D24528FB300F70270 /* ZCRouterConstant.m in Sources */,
				F0FC27B824528F7B00F70270 /* AppDelegate.m in Sources */,
				F0FC281F2452932000F70270 /* ZCViewController.m in Sources */,
			);
			runOnlyForDeploymentPostprocessing = 0;
		};
		F0FC27C724528F7D00F70270 /* Sources */ = {
			isa = PBXSourcesBuildPhase;
			buildActionMask = 2147483647;
			files = (
				F0FC27D024528F7D00F70270 /* ZCRouterTests.m in Sources */,
			);
			runOnlyForDeploymentPostprocessing = 0;
		};
		F0FC27D224528F7D00F70270 /* Sources */ = {
			isa = PBXSourcesBuildPhase;
			buildActionMask = 2147483647;
			files = (
				F0FC27DB24528F7D00F70270 /* ZCRouterUITests.m in Sources */,
			);
			runOnlyForDeploymentPostprocessing = 0;
		};
/* End PBXSourcesBuildPhase section */

/* Begin PBXTargetDependency section */
		F0FC27CD24528F7D00F70270 /* PBXTargetDependency */ = {
			isa = PBXTargetDependency;
			target = F0FC27B224528F7B00F70270 /* ZCRouter */;
			targetProxy = F0FC27CC24528F7D00F70270 /* PBXContainerItemProxy */;
		};
		F0FC27D824528F7D00F70270 /* PBXTargetDependency */ = {
			isa = PBXTargetDependency;
			target = F0FC27B224528F7B00F70270 /* ZCRouter */;
			targetProxy = F0FC27D724528F7D00F70270 /* PBXContainerItemProxy */;
		};
/* End PBXTargetDependency section */

/* Begin PBXVariantGroup section */
		F0FC27BC24528F7B00F70270 /* Main.storyboard */ = {
			isa = PBXVariantGroup;
			children = (
				F0FC27BD24528F7B00F70270 /* Base */,
			);
			name = Main.storyboard;
			sourceTree = "<group>";
		};
		F0FC27C124528F7D00F70270 /* LaunchScreen.storyboard */ = {
			isa = PBXVariantGroup;
			children = (
				F0FC27C224528F7D00F70270 /* Base */,
			);
			name = LaunchScreen.storyboard;
			sourceTree = "<group>";
		};
/* End PBXVariantGroup section */

/* Begin XCBuildConfiguration section */
		F0FC27DD24528F7D00F70270 /* Debug */ = {
			isa = XCBuildConfiguration;
			buildSettings = {
				ALWAYS_SEARCH_USER_PATHS = NO;
				CLANG_ANALYZER_NONNULL = YES;
				CLANG_ANALYZER_NUMBER_OBJECT_CONVERSION = YES_AGGRESSIVE;
				CLANG_CXX_LANGUAGE_STANDARD = "gnu++14";
				CLANG_CXX_LIBRARY = "libc++";
				CLANG_ENABLE_MODULES = YES;
				CLANG_ENABLE_OBJC_ARC = YES;
				CLANG_ENABLE_OBJC_WEAK = YES;
				CLANG_WARN_BLOCK_CAPTURE_AUTORELEASING = YES;
				CLANG_WARN_BOOL_CONVERSION = YES;
				CLANG_WARN_COMMA = YES;
				CLANG_WARN_CONSTANT_CONVERSION = YES;
				CLANG_WARN_DEPRECATED_OBJC_IMPLEMENTATIONS = YES;
				CLANG_WARN_DIRECT_OBJC_ISA_USAGE = YES_ERROR;
				CLANG_WARN_DOCUMENTATION_COMMENTS = YES;
				CLANG_WARN_EMPTY_BODY = YES;
				CLANG_WARN_ENUM_CONVERSION = YES;
				CLANG_WARN_INFINITE_RECURSION = YES;
				CLANG_WARN_INT_CONVERSION = YES;
				CLANG_WARN_NON_LITERAL_NULL_CONVERSION = YES;
				CLANG_WARN_OBJC_IMPLICIT_RETAIN_SELF = YES;
				CLANG_WARN_OBJC_LITERAL_CONVERSION = YES;
				CLANG_WARN_OBJC_ROOT_CLASS = YES_ERROR;
				CLANG_WARN_RANGE_LOOP_ANALYSIS = YES;
				CLANG_WARN_STRICT_PROTOTYPES = YES;
				CLANG_WARN_SUSPICIOUS_MOVE = YES;
				CLANG_WARN_UNGUARDED_AVAILABILITY = YES_AGGRESSIVE;
				CLANG_WARN_UNREACHABLE_CODE = YES;
				CLANG_WARN__DUPLICATE_METHOD_MATCH = YES;
				CODE_SIGN_IDENTITY = "iPhone Developer";
				COPY_PHASE_STRIP = NO;
				DEBUG_INFORMATION_FORMAT = dwarf;
				ENABLE_STRICT_OBJC_MSGSEND = YES;
				ENABLE_TESTABILITY = YES;
				GCC_C_LANGUAGE_STANDARD = gnu11;
				GCC_DYNAMIC_NO_PIC = NO;
				GCC_NO_COMMON_BLOCKS = YES;
				GCC_OPTIMIZATION_LEVEL = 0;
				GCC_PREPROCESSOR_DEFINITIONS = (
					"DEBUG=1",
					"$(inherited)",
				);
				GCC_WARN_64_TO_32_BIT_CONVERSION = YES;
				GCC_WARN_ABOUT_RETURN_TYPE = YES_ERROR;
				GCC_WARN_UNDECLARED_SELECTOR = YES;
				GCC_WARN_UNINITIALIZED_AUTOS = YES_AGGRESSIVE;
				GCC_WARN_UNUSED_FUNCTION = YES;
				GCC_WARN_UNUSED_VARIABLE = YES;
				IPHONEOS_DEPLOYMENT_TARGET = 12.1;
				MTL_ENABLE_DEBUG_INFO = INCLUDE_SOURCE;
				MTL_FAST_MATH = YES;
				ONLY_ACTIVE_ARCH = YES;
				SDKROOT = iphoneos;
			};
			name = Debug;
		};
		F0FC27DE24528F7D00F70270 /* Release */ = {
			isa = XCBuildConfiguration;
			buildSettings = {
				ALWAYS_SEARCH_USER_PATHS = NO;
				CLANG_ANALYZER_NONNULL = YES;
				CLANG_ANALYZER_NUMBER_OBJECT_CONVERSION = YES_AGGRESSIVE;
				CLANG_CXX_LANGUAGE_STANDARD = "gnu++14";
				CLANG_CXX_LIBRARY = "libc++";
				CLANG_ENABLE_MODULES = YES;
				CLANG_ENABLE_OBJC_ARC = YES;
				CLANG_ENABLE_OBJC_WEAK = YES;
				CLANG_WARN_BLOCK_CAPTURE_AUTORELEASING = YES;
				CLANG_WARN_BOOL_CONVERSION = YES;
				CLANG_WARN_COMMA = YES;
				CLANG_WARN_CONSTANT_CONVERSION = YES;
				CLANG_WARN_DEPRECATED_OBJC_IMPLEMENTATIONS = YES;
				CLANG_WARN_DIRECT_OBJC_ISA_USAGE = YES_ERROR;
				CLANG_WARN_DOCUMENTATION_COMMENTS = YES;
				CLANG_WARN_EMPTY_BODY = YES;
				CLANG_WARN_ENUM_CONVERSION = YES;
				CLANG_WARN_INFINITE_RECURSION = YES;
				CLANG_WARN_INT_CONVERSION = YES;
				CLANG_WARN_NON_LITERAL_NULL_CONVERSION = YES;
				CLANG_WARN_OBJC_IMPLICIT_RETAIN_SELF = YES;
				CLANG_WARN_OBJC_LITERAL_CONVERSION = YES;
				CLANG_WARN_OBJC_ROOT_CLASS = YES_ERROR;
				CLANG_WARN_RANGE_LOOP_ANALYSIS = YES;
				CLANG_WARN_STRICT_PROTOTYPES = YES;
				CLANG_WARN_SUSPICIOUS_MOVE = YES;
				CLANG_WARN_UNGUARDED_AVAILABILITY = YES_AGGRESSIVE;
				CLANG_WARN_UNREACHABLE_CODE = YES;
				CLANG_WARN__DUPLICATE_METHOD_MATCH = YES;
				CODE_SIGN_IDENTITY = "iPhone Developer";
				COPY_PHASE_STRIP = NO;
				DEBUG_INFORMATION_FORMAT = "dwarf-with-dsym";
				ENABLE_NS_ASSERTIONS = NO;
				ENABLE_STRICT_OBJC_MSGSEND = YES;
				GCC_C_LANGUAGE_STANDARD = gnu11;
				GCC_NO_COMMON_BLOCKS = YES;
				GCC_WARN_64_TO_32_BIT_CONVERSION = YES;
				GCC_WARN_ABOUT_RETURN_TYPE = YES_ERROR;
				GCC_WARN_UNDECLARED_SELECTOR = YES;
				GCC_WARN_UNINITIALIZED_AUTOS = YES_AGGRESSIVE;
				GCC_WARN_UNUSED_FUNCTION = YES;
				GCC_WARN_UNUSED_VARIABLE = YES;
				IPHONEOS_DEPLOYMENT_TARGET = 12.1;
				MTL_ENABLE_DEBUG_INFO = NO;
				MTL_FAST_MATH = YES;
				SDKROOT = iphoneos;
				VALIDATE_PRODUCT = YES;
			};
			name = Release;
		};
		F0FC27E024528F7D00F70270 /* Debug */ = {
			isa = XCBuildConfiguration;
			buildSettings = {
				ASSETCATALOG_COMPILER_APPICON_NAME = AppIcon;
				CODE_SIGN_STYLE = Automatic;
				DEVELOPMENT_TEAM = 5HTBT96QM5;
				INFOPLIST_FILE = ZCRouter/Info.plist;
				IPHONEOS_DEPLOYMENT_TARGET = 9.0;
				LD_RUNPATH_SEARCH_PATHS = (
					"$(inherited)",
					"@executable_path/Frameworks",
				);
				PRODUCT_BUNDLE_IDENTIFIER = com.zengchao.ZCRouter;
				PRODUCT_NAME = "$(TARGET_NAME)";
				TARGETED_DEVICE_FAMILY = "1,2";
			};
			name = Debug;
		};
		F0FC27E124528F7D00F70270 /* Release */ = {
			isa = XCBuildConfiguration;
			buildSettings = {
				ASSETCATALOG_COMPILER_APPICON_NAME = AppIcon;
				CODE_SIGN_STYLE = Automatic;
				DEVELOPMENT_TEAM = 5HTBT96QM5;
				INFOPLIST_FILE = ZCRouter/Info.plist;
				IPHONEOS_DEPLOYMENT_TARGET = 9.0;
				LD_RUNPATH_SEARCH_PATHS = (
					"$(inherited)",
					"@executable_path/Frameworks",
				);
				PRODUCT_BUNDLE_IDENTIFIER = com.zengchao.ZCRouter;
				PRODUCT_NAME = "$(TARGET_NAME)";
				TARGETED_DEVICE_FAMILY = "1,2";
			};
			name = Release;
		};
		F0FC27E324528F7D00F70270 /* Debug */ = {
			isa = XCBuildConfiguration;
			buildSettings = {
				BUNDLE_LOADER = "$(TEST_HOST)";
				CODE_SIGN_STYLE = Automatic;
				DEVELOPMENT_TEAM = 5HTBT96QM5;
				INFOPLIST_FILE = ZCRouterTests/Info.plist;
				LD_RUNPATH_SEARCH_PATHS = (
					"$(inherited)",
					"@executable_path/Frameworks",
					"@loader_path/Frameworks",
				);
				PRODUCT_BUNDLE_IDENTIFIER = com.zengchao.ZCRouterTests;
				PRODUCT_NAME = "$(TARGET_NAME)";
				TARGETED_DEVICE_FAMILY = "1,2";
				TEST_HOST = "$(BUILT_PRODUCTS_DIR)/ZCRouter.app/ZCRouter";
			};
			name = Debug;
		};
		F0FC27E424528F7D00F70270 /* Release */ = {
			isa = XCBuildConfiguration;
			buildSettings = {
				BUNDLE_LOADER = "$(TEST_HOST)";
				CODE_SIGN_STYLE = Automatic;
				DEVELOPMENT_TEAM = 5HTBT96QM5;
				INFOPLIST_FILE = ZCRouterTests/Info.plist;
				LD_RUNPATH_SEARCH_PATHS = (
					"$(inherited)",
					"@executable_path/Frameworks",
					"@loader_path/Frameworks",
				);
				PRODUCT_BUNDLE_IDENTIFIER = com.zengchao.ZCRouterTests;
				PRODUCT_NAME = "$(TARGET_NAME)";
				TARGETED_DEVICE_FAMILY = "1,2";
				TEST_HOST = "$(BUILT_PRODUCTS_DIR)/ZCRouter.app/ZCRouter";
			};
			name = Release;
		};
		F0FC27E624528F7D00F70270 /* Debug */ = {
			isa = XCBuildConfiguration;
			buildSettings = {
				CODE_SIGN_STYLE = Automatic;
				DEVELOPMENT_TEAM = 5HTBT96QM5;
				INFOPLIST_FILE = ZCRouterUITests/Info.plist;
				LD_RUNPATH_SEARCH_PATHS = (
					"$(inherited)",
					"@executable_path/Frameworks",
					"@loader_path/Frameworks",
				);
				PRODUCT_BUNDLE_IDENTIFIER = com.zengchao.ZCRouterUITests;
				PRODUCT_NAME = "$(TARGET_NAME)";
				TARGETED_DEVICE_FAMILY = "1,2";
				TEST_TARGET_NAME = ZCRouter;
			};
			name = Debug;
		};
		F0FC27E724528F7D00F70270 /* Release */ = {
			isa = XCBuildConfiguration;
			buildSettings = {
				CODE_SIGN_STYLE = Automatic;
				DEVELOPMENT_TEAM = 5HTBT96QM5;
				INFOPLIST_FILE = ZCRouterUITests/Info.plist;
				LD_RUNPATH_SEARCH_PATHS = (
					"$(inherited)",
					"@executable_path/Frameworks",
					"@loader_path/Frameworks",
				);
				PRODUCT_BUNDLE_IDENTIFIER = com.zengchao.ZCRouterUITests;
				PRODUCT_NAME = "$(TARGET_NAME)";
				TARGETED_DEVICE_FAMILY = "1,2";
				TEST_TARGET_NAME = ZCRouter;
			};
			name = Release;
		};
/* End XCBuildConfiguration section */

/* Begin XCConfigurationList section */
		F0FC27AE24528F7B00F70270 /* Build configuration list for PBXProject "ZCRouter" */ = {
			isa = XCConfigurationList;
			buildConfigurations = (
				F0FC27DD24528F7D00F70270 /* Debug */,
				F0FC27DE24528F7D00F70270 /* Release */,
			);
			defaultConfigurationIsVisible = 0;
			defaultConfigurationName = Release;
		};
		F0FC27DF24528F7D00F70270 /* Build configuration list for PBXNativeTarget "ZCRouter" */ = {
			isa = XCConfigurationList;
			buildConfigurations = (
				F0FC27E024528F7D00F70270 /* Debug */,
				F0FC27E124528F7D00F70270 /* Release */,
			);
			defaultConfigurationIsVisible = 0;
			defaultConfigurationName = Release;
		};
		F0FC27E224528F7D00F70270 /* Build configuration list for PBXNativeTarget "ZCRouterTests" */ = {
			isa = XCConfigurationList;
			buildConfigurations = (
				F0FC27E324528F7D00F70270 /* Debug */,
				F0FC27E424528F7D00F70270 /* Release */,
			);
			defaultConfigurationIsVisible = 0;
			defaultConfigurationName = Release;
		};
		F0FC27E524528F7D00F70270 /* Build configuration list for PBXNativeTarget "ZCRouterUITests" */ = {
			isa = XCConfigurationList;
			buildConfigurations = (
				F0FC27E624528F7D00F70270 /* Debug */,
				F0FC27E724528F7D00F70270 /* Release */,
			);
			defaultConfigurationIsVisible = 0;
			defaultConfigurationName = Release;
		};
/* End XCConfigurationList section */
	};
	rootObject = F0FC27AB24528F7B00F70270 /* Project object */;
}
